
Microsoft Visual Studio Solution File, Format Version 12.00
# Visual Studio Version 17
VisualStudioVersion = 17.5.33502.453
MinimumVisualStudioVersion = 10.0.40219.1
Project("{FAE04EC0-301F-11D3-BF4B-00C04F79EFBC}") = "TaskExtensions", "TaskExtensions\TaskExtensions.csproj", "{73FCF7DE-0734-4CED-8A94-E58C7B12FE0A}"
EndProject
Global
	GlobalSection(SolutionConfigurationPlatforms) = preSolution
		Debug|Any CPU = Debug|Any CPU
		Release|Any CPU = Release|Any CPU
	EndGlobalSection
	GlobalSection(ProjectConfigurationPlatforms) = postSolution
		{73FCF7DE-0734-4CED-8A94-E58C7B12FE0A}.Debug|Any CPU.ActiveCfg = Debug|Any CPU
		{73FCF7DE-0734-4CED-8A94-E58C7B12FE0A}.Debug|Any CPU.Build.0 = Debug|Any CPU
		{73FCF7DE-0734-4CED-8A94-E58C7B12FE0A}.Release|Any CPU.ActiveCfg = Release|Any CPU
		{73FCF7DE-0734-4CED-8A94-E58C7B12FE0A}.Release|Any CPU.Build.0 = Release|Any CPU
	EndGlobalSection
	GlobalSection(SolutionProperties) = preSolution
		HideSolutionNode = FALSE
	EndGlobalSection
	GlobalSection(ExtensibilityGlobals) = postSolution
		SolutionGuid = {EE2E39EB-C27C-4536-81AE-BC5E75DE53E4}
	EndGlobalSection
EndGlobal
